
Microsoft Visual Studio Solution File, Format Version 12.00
# Visual Studio Version 17
VisualStudioVersion = 17.2.32616.157
MinimumVisualStudioVersion = 10.0.40219.1
Project("{9A19103F-16F7-4668-BE54-9A1E7A4F7556}") = "ReddWare", "ReddWare\ReddWare.csproj", "{1B019D26-3F9F-4FD5-9B39-F0333B8CE42C}"
EndProject
Project("{FAE04EC0-301F-11D3-BF4B-00C04F79EFBC}") = "ReddWare.Configurations.UI", "ReddWare.UI\ReddWare.Configurations.UI.csproj", "{7A19391F-878B-4F4A-BFF6-1318FBE6B89B}"
EndProject
Project("{FAE04EC0-301F-11D3-BF4B-00C04F79EFBC}") = "ReddWare.Configurations", "ReddWare.Configurations\ReddWare.Configurations.csproj", "{E3057641-9DD0-4FD4-8FE7-AC2729AC8780}"
EndProject
Global
	GlobalSection(SolutionConfigurationPlatforms) = preSolution
		Debug|Any CPU = Debug|Any CPU
		Release|Any CPU = Release|Any CPU
	EndGlobalSection
	GlobalSection(ProjectConfigurationPlatforms) = postSolution
		{1B019D26-3F9F-4FD5-9B39-F0333B8CE42C}.Debug|Any CPU.ActiveCfg = Debug|Any CPU
		{1B019D26-3F9F-4FD5-9B39-F0333B8CE42C}.Debug|Any CPU.Build.0 = Debug|Any CPU
		{1B019D26-3F9F-4FD5-9B39-F0333B8CE42C}.Release|Any CPU.ActiveCfg = Release|Any CPU
		{1B019D26-3F9F-4FD5-9B39-F0333B8CE42C}.Release|Any CPU.Build.0 = Release|Any CPU
		{7A19391F-878B-4F4A-BFF6-1318FBE6B89B}.Debug|Any CPU.ActiveCfg = Debug|Any CPU
		{7A19391F-878B-4F4A-BFF6-1318FBE6B89B}.Debug|Any CPU.Build.0 = Debug|Any CPU
		{7A19391F-878B-4F4A-BFF6-1318FBE6B89B}.Release|Any CPU.ActiveCfg = Release|Any CPU
		{7A19391F-878B-4F4A-BFF6-1318FBE6B89B}.Release|Any CPU.Build.0 = Release|Any CPU
		{E3057641-9DD0-4FD4-8FE7-AC2729AC8780}.Debug|Any CPU.ActiveCfg = Debug|Any CPU
		{E3057641-9DD0-4FD4-8FE7-AC2729AC8780}.Debug|Any CPU.Build.0 = Debug|Any CPU
		{E3057641-9DD0-4FD4-8FE7-AC2729AC8780}.Release|Any CPU.ActiveCfg = Release|Any CPU
		{E3057641-9DD0-4FD4-8FE7-AC2729AC8780}.Release|Any CPU.Build.0 = Release|Any CPU
	EndGlobalSection
	GlobalSection(SolutionProperties) = preSolution
		HideSolutionNode = FALSE
	EndGlobalSection
	GlobalSection(ExtensibilityGlobals) = postSolution
		SolutionGuid = {BEAD85E8-67B9-43C7-8EB5-9A7F20E73E20}
	EndGlobalSection
EndGlobal
